
Microsoft Visual Studio Solution File, Format Version 12.00
# Visual Studio 15
Project("{FAE04EC0-301F-11D3-BF4B-00C04F79EFBC}") = "BDKCollectionIndexView.Xamarin", "BDKCollectionIndexView.Xamarin\BDKCollectionIndexView.Xamarin.csproj", "{69113A26-80A2-44F0-A5A4-934F9FAC8078}"
EndProject
Global
	GlobalSection(SolutionConfigurationPlatforms) = preSolution
		Debug|Any CPU = Debug|Any CPU
		Release|Any CPU = Release|Any CPU
	EndGlobalSection
	GlobalSection(ProjectConfigurationPlatforms) = postSolution
		{69113A26-80A2-44F0-A5A4-934F9FAC8078}.Debug|Any CPU.ActiveCfg = Debug|Any CPU
		{69113A26-80A2-44F0-A5A4-934F9FAC8078}.Debug|Any CPU.Build.0 = Debug|Any CPU
		{69113A26-80A2-44F0-A5A4-934F9FAC8078}.Release|Any CPU.ActiveCfg = Release|Any CPU
		{69113A26-80A2-44F0-A5A4-934F9FAC8078}.Release|Any CPU.Build.0 = Release|Any CPU
	EndGlobalSection
EndGlobal
